
Microsoft Visual Studio Solution File, Format Version 12.00
# Visual Studio 15
VisualStudioVersion = 15.0.28307.1972
MinimumVisualStudioVersion = 10.0.40219.1
Project("{FAE04EC0-301F-11D3-BF4B-00C04F79EFBC}") = "GenerateBarcode", "GenerateBarcode\GenerateBarcode.csproj", "{89299F79-CA9F-49A9-92D7-2B772C2DDB8D}"
EndProject
Global
	GlobalSection(SolutionConfigurationPlatforms) = preSolution
		Debug|Any CPU = Debug|Any CPU
		Release|Any CPU = Release|Any CPU
	EndGlobalSection
	GlobalSection(ProjectConfigurationPlatforms) = postSolution
		{89299F79-CA9F-49A9-92D7-2B772C2DDB8D}.Debug|Any CPU.ActiveCfg = Debug|Any CPU
		{89299F79-CA9F-49A9-92D7-2B772C2DDB8D}.Debug|Any CPU.Build.0 = Debug|Any CPU
		{89299F79-CA9F-49A9-92D7-2B772C2DDB8D}.Release|Any CPU.ActiveCfg = Release|Any CPU
		{89299F79-CA9F-49A9-92D7-2B772C2DDB8D}.Release|Any CPU.Build.0 = Release|Any CPU
	EndGlobalSection
	GlobalSection(SolutionProperties) = preSolution
		HideSolutionNode = FALSE
	EndGlobalSection
	GlobalSection(ExtensibilityGlobals) = postSolution
		SolutionGuid = {99F1F433-6CD1-4E9B-BB84-BFA2C40C3E67}
	EndGlobalSection
EndGlobal
